// !$*UTF8*$!
{
	archiveVersion = 1;
	classes = {
	};
	objectVersion = 56;
	objects = {

/* Begin PBXBuildFile section */
		04117FD32B054B9F007D8C7B /* LoadingView.swift in Sources */ = {isa = PBXBuildFile; fileRef = 04117FD22B054B9F007D8C7B /* LoadingView.swift */; };
		04117FD52B054DD6007D8C7B /* WeatherManager.swift in Sources */ = {isa = PBXBuildFile; fileRef = 04117FD42B054DD6007D8C7B /* WeatherManager.swift */; };
		04117FD72B055909007D8C7B /* WeatherView.swift in Sources */ = {isa = PBXBuildFile; fileRef = 04117FD62B055909007D8C7B /* WeatherView.swift */; };
		04117FD92B0559B7007D8C7B /* ModelData.swift in Sources */ = {isa = PBXBuildFile; fileRef = 04117FD82B0559B7007D8C7B /* ModelData.swift */; };
		04117FDB2B0559F2007D8C7B /* weatherData.json in Resources */ = {isa = PBXBuildFile; fileRef = 04117FDA2B0559F2007D8C7B /* weatherData.json */; };
		04117FDD2B055C3A007D8C7B /* Extensions.swift in Sources */ = {isa = PBXBuildFile; fileRef = 04117FDC2B055C3A007D8C7B /* Extensions.swift */; };
		04117FE02B05690D007D8C7B /* WeatherRow.swift in Sources */ = {isa = PBXBuildFile; fileRef = 04117FDF2B05690D007D8C7B /* WeatherRow.swift */; };
		044729D52B053D02009D8B2E /* WeatherDemoApp.swift in Sources */ = {isa = PBXBuildFile; fileRef = 044729D42B053D02009D8B2E /* WeatherDemoApp.swift */; };
		044729D72B053D02009D8B2E /* ContentView.swift in Sources */ = {isa = PBXBuildFile; fileRef = 044729D62B053D02009D8B2E /* ContentView.swift */; };
		044729D92B053D04009D8B2E /* Assets.xcassets in Resources */ = {isa = PBXBuildFile; fileRef = 044729D82B053D04009D8B2E /* Assets.xcassets */; };
		044729DC2B053D04009D8B2E /* Preview Assets.xcassets in Resources */ = {isa = PBXBuildFile; fileRef = 044729DB2B053D04009D8B2E /* Preview Assets.xcassets */; };
		044729E42B053FCC009D8B2E /* LocationManager.swift in Sources */ = {isa = PBXBuildFile; fileRef = 044729E32B053FCC009D8B2E /* LocationManager.swift */; };
		044729E72B054350009D8B2E /* WelcomeView.swift in Sources */ = {isa = PBXBuildFile; fileRef = 044729E62B054350009D8B2E /* WelcomeView.swift */; };
/* End PBXBuildFile section */

/* Begin PBXFileReference section */
		04117FD22B054B9F007D8C7B /* LoadingView.swift */ = {isa = PBXFileReference; lastKnownFileType = sourcecode.swift; path = LoadingView.swift; sourceTree = "<group>"; };
		04117FD42B054DD6007D8C7B /* WeatherManager.swift */ = {isa = PBXFileReference; lastKnownFileType = sourcecode.swift; path = WeatherManager.swift; sourceTree = "<group>"; };
		04117FD62B055909007D8C7B /* WeatherView.swift */ = {isa = PBXFileReference; lastKnownFileType = sourcecode.swift; path = WeatherView.swift; sourceTree = "<group>"; };
		04117FD82B0559B7007D8C7B /* ModelData.swift */ = {isa = PBXFileReference; lastKnownFileType = sourcecode.swift; path = ModelData.swift; sourceTree = "<group>"; };
		04117FDA2B0559F2007D8C7B /* weatherData.json */ = {isa = PBXFileReference; lastKnownFileType = text.json; path = weatherData.json; sourceTree = "<group>"; };
		04117FDC2B055C3A007D8C7B /* Extensions.swift */ = {isa = PBXFileReference; lastKnownFileType = sourcecode.swift; path = Extensions.swift; sourceTree = "<group>"; };
		04117FDF2B05690D007D8C7B /* WeatherRow.swift */ = {isa = PBXFileReference; lastKnownFileType = sourcecode.swift; path = WeatherRow.swift; sourceTree = "<group>"; };
		044729D12B053D02009D8B2E /* WeatherDemo.app */ = {isa = PBXFileReference; explicitFileType = wrapper.application; includeInIndex = 0; path = WeatherDemo.app; sourceTree = BUILT_PRODUCTS_DIR; };
		044729D42B053D02009D8B2E /* WeatherDemoApp.swift */ = {isa = PBXFileReference; lastKnownFileType = sourcecode.swift; path = WeatherDemoApp.swift; sourceTree = "<group>"; };
		044729D62B053D02009D8B2E /* ContentView.swift */ = {isa = PBXFileReference; lastKnownFileType = sourcecode.swift; path = ContentView.swift; sourceTree = "<group>"; };
		044729D82B053D04009D8B2E /* Assets.xcassets */ = {isa = PBXFileReference; lastKnownFileType = folder.assetcatalog; path = Assets.xcassets; sourceTree = "<group>"; };
		044729DB2B053D04009D8B2E /* Preview Assets.xcassets */ = {isa = PBXFileReference; lastKnownFileType = folder.assetcatalog; path = "Preview Assets.xcassets"; sourceTree = "<group>"; };
		044729E32B053FCC009D8B2E /* LocationManager.swift */ = {isa = PBXFileReference; lastKnownFileType = sourcecode.swift; path = LocationManager.swift; sourceTree = "<group>"; };
		044729E62B054350009D8B2E /* WelcomeView.swift */ = {isa = PBXFileReference; lastKnownFileType = sourcecode.swift; path = WelcomeView.swift; sourceTree = "<group>"; };
/* End PBXFileReference section */

/* Begin PBXFrameworksBuildPhase section */
		044729CE2B053D02009D8B2E /* Frameworks */ = {
			isa = PBXFrameworksBuildPhase;
			buildActionMask = 2147483647;
			files = (
			);
			runOnlyForDeploymentPostprocessing = 0;
		};
/* End PBXFrameworksBuildPhase section */

/* Begin PBXGroup section */
		04117FDE2B0568EC007D8C7B /* Components */ = {
			isa = PBXGroup;
			children = (
				04117FDF2B05690D007D8C7B /* WeatherRow.swift */,
			);
			path = Components;
			sourceTree = "<group>";
		};
		044729C82B053D02009D8B2E = {
			isa = PBXGroup;
			children = (
				044729D32B053D02009D8B2E /* WeatherDemo */,
				044729D22B053D02009D8B2E /* Products */,
			);
			sourceTree = "<group>";
		};
		044729D22B053D02009D8B2E /* Products */ = {
			isa = PBXGroup;
			children = (
				044729D12B053D02009D8B2E /* WeatherDemo.app */,
			);
			name = Products;
			sourceTree = "<group>";
		};
		044729D32B053D02009D8B2E /* WeatherDemo */ = {
			isa = PBXGroup;
			children = (
				04117FDE2B0568EC007D8C7B /* Components */,
				044729E52B0542CF009D8B2E /* Views */,
				044729E22B053FAF009D8B2E /* Managers */,
				044729D42B053D02009D8B2E /* WeatherDemoApp.swift */,
				044729D82B053D04009D8B2E /* Assets.xcassets */,
				044729DA2B053D04009D8B2E /* Preview Content */,
				04117FDC2B055C3A007D8C7B /* Extensions.swift */,
			);
			path = WeatherDemo;
			sourceTree = "<group>";
		};
		044729DA2B053D04009D8B2E /* Preview Content */ = {
			isa = PBXGroup;
			children = (
				044729DB2B053D04009D8B2E /* Preview Assets.xcassets */,
				04117FD82B0559B7007D8C7B /* ModelData.swift */,
				04117FDA2B0559F2007D8C7B /* weatherData.json */,
			);
			path = "Preview Content";
			sourceTree = "<group>";
		};
		044729E22B053FAF009D8B2E /* Managers */ = {
			isa = PBXGroup;
			children = (
				044729E32B053FCC009D8B2E /* LocationManager.swift */,
				04117FD42B054DD6007D8C7B /* WeatherManager.swift */,
			);
			path = Managers;
			sourceTree = "<group>";
		};
		044729E52B0542CF009D8B2E /* Views */ = {
			isa = PBXGroup;
			children = (
				044729D62B053D02009D8B2E /* ContentView.swift */,
				044729E62B054350009D8B2E /* WelcomeView.swift */,
				04117FD22B054B9F007D8C7B /* LoadingView.swift */,
				04117FD62B055909007D8C7B /* WeatherView.swift */,
			);
			path = Views;
			sourceTree = "<group>";
		};
/* End PBXGroup section */

/* Begin PBXNativeTarget section */
		044729D02B053D02009D8B2E /* WeatherDemo */ = {
			isa = PBXNativeTarget;
			buildConfigurationList = 044729DF2B053D04009D8B2E /* Build configuration list for PBXNativeTarget "WeatherDemo" */;
			buildPhases = (
				044729CD2B053D02009D8B2E /* Sources */,
				044729CE2B053D02009D8B2E /* Frameworks */,
				044729CF2B053D02009D8B2E /* Resources */,
			);
			buildRules = (
			);
			dependencies = (
			);
			name = WeatherDemo;
			productName = WeatherDemo;
			productReference = 044729D12B053D02009D8B2E /* WeatherDemo.app */;
			productType = "com.apple.product-type.application";
		};
/* End PBXNativeTarget section */

/* Begin PBXProject section */
		044729C92B053D02009D8B2E /* Project object */ = {
			isa = PBXProject;
			attributes = {
				BuildIndependentTargetsInParallel = 1;
				LastSwiftUpdateCheck = 1400;
				LastUpgradeCheck = 1400;
				TargetAttributes = {
					044729D02B053D02009D8B2E = {
						CreatedOnToolsVersion = 14.0;
					};
				};
			};
			buildConfigurationList = 044729CC2B053D02009D8B2E /* Build configuration list for PBXProject "WeatherDemo" */;
			compatibilityVersion = "Xcode 14.0";
			developmentRegion = en;
			hasScannedForEncodings = 0;
			knownRegions = (
				en,
				Base,
			);
			mainGroup = 044729C82B053D02009D8B2E;
			productRefGroup = 044729D22B053D02009D8B2E /* Products */;
			projectDirPath = "";
			projectRoot = "";
			targets = (
				044729D02B053D02009D8B2E /* WeatherDemo */,
			);
		};
/* End PBXProject section */

/* Begin PBXResourcesBuildPhase section */
		044729CF2B053D02009D8B2E /* Resources */ = {
			isa = PBXResourcesBuildPhase;
			buildActionMask = 2147483647;
			files = (
				044729DC2B053D04009D8B2E /* Preview Assets.xcassets in Resources */,
				04117FDB2B0559F2007D8C7B /* weatherData.json in Resources */,
				044729D92B053D04009D8B2E /* Assets.xcassets in Resources */,
			);
			runOnlyForDeploymentPostprocessing = 0;
		};
/* End PBXResourcesBuildPhase section */

/* Begin PBXSourcesBuildPhase section */
		044729CD2B053D02009D8B2E /* Sources */ = {
			isa = PBXSourcesBuildPhase;
			buildActionMask = 2147483647;
			files = (
				04117FD52B054DD6007D8C7B /* WeatherManager.swift in Sources */,
				04117FDD2B055C3A007D8C7B /* Extensions.swift in Sources */,
				044729D72B053D02009D8B2E /* ContentView.swift in Sources */,
				044729D52B053D02009D8B2E /* WeatherDemoApp.swift in Sources */,
				044729E42B053FCC009D8B2E /* LocationManager.swift in Sources */,
				04117FE02B05690D007D8C7B /* WeatherRow.swift in Sources */,
				04117FD32B054B9F007D8C7B /* LoadingView.swift in Sources */,
				04117FD92B0559B7007D8C7B /* ModelData.swift in Sources */,
				04117FD72B055909007D8C7B /* WeatherView.swift in Sources */,
				044729E72B054350009D8B2E /* WelcomeView.swift in Sources */,
			);
			runOnlyForDeploymentPostprocessing = 0;
		};
/* End PBXSourcesBuildPhase section */

/* Begin XCBuildConfiguration section */
		044729DD2B053D04009D8B2E /* Debug */ = {
			isa = XCBuildConfiguration;
			buildSettings = {
				ALWAYS_SEARCH_USER_PATHS = NO;
				CLANG_ANALYZER_NONNULL = YES;
				CLANG_ANALYZER_NUMBER_OBJECT_CONVERSION = YES_AGGRESSIVE;
				CLANG_CXX_LANGUAGE_STANDARD = "gnu++20";
				CLANG_ENABLE_MODULES = YES;
				CLANG_ENABLE_OBJC_ARC = YES;
				CLANG_ENABLE_OBJC_WEAK = YES;
				CLANG_WARN_BLOCK_CAPTURE_AUTORELEASING = YES;
				CLANG_WARN_BOOL_CONVERSION = YES;
				CLANG_WARN_COMMA = YES;
				CLANG_WARN_CONSTANT_CONVERSION = YES;
				CLANG_WARN_DEPRECATED_OBJC_IMPLEMENTATIONS = YES;
				CLANG_WARN_DIRECT_OBJC_ISA_USAGE = YES_ERROR;
				CLANG_WARN_DOCUMENTATION_COMMENTS = YES;
				CLANG_WARN_EMPTY_BODY = YES;
				CLANG_WARN_ENUM_CONVERSION = YES;
				CLANG_WARN_INFINITE_RECURSION = YES;
				CLANG_WARN_INT_CONVERSION = YES;
				CLANG_WARN_NON_LITERAL_NULL_CONVERSION = YES;
				CLANG_WARN_OBJC_IMPLICIT_RETAIN_SELF = YES;
				CLANG_WARN_OBJC_LITERAL_CONVERSION = YES;
				CLANG_WARN_OBJC_ROOT_CLASS = YES_ERROR;
				CLANG_WARN_QUOTED_INCLUDE_IN_FRAMEWORK_HEADER = YES;
				CLANG_WARN_RANGE_LOOP_ANALYSIS = YES;
				CLANG_WARN_STRICT_PROTOTYPES = YES;
				CLANG_WARN_SUSPICIOUS_MOVE = YES;
				CLANG_WARN_UNGUARDED_AVAILABILITY = YES_AGGRESSIVE;
				CLANG_WARN_UNREACHABLE_CODE = YES;
				CLANG_WARN__DUPLICATE_METHOD_MATCH = YES;
				COPY_PHASE_STRIP = NO;
				DEBUG_INFORMATION_FORMAT = dwarf;
				ENABLE_STRICT_OBJC_MSGSEND = YES;
				ENABLE_TESTABILITY = YES;
				GCC_C_LANGUAGE_STANDARD = gnu11;
				GCC_DYNAMIC_NO_PIC = NO;
				GCC_NO_COMMON_BLOCKS = YES;
				GCC_OPTIMIZATION_LEVEL = 0;
				GCC_PREPROCESSOR_DEFINITIONS = (
					"DEBUG=1",
					"$(inherited)",
				);
				GCC_WARN_64_TO_32_BIT_CONVERSION = YES;
				GCC_WARN_ABOUT_RETURN_TYPE = YES_ERROR;
				GCC_WARN_UNDECLARED_SELECTOR = YES;
				GCC_WARN_UNINITIALIZED_AUTOS = YES_AGGRESSIVE;
				GCC_WARN_UNUSED_FUNCTION = YES;
				GCC_WARN_UNUSED_VARIABLE = YES;
				IPHONEOS_DEPLOYMENT_TARGET = 16.0;
				MTL_ENABLE_DEBUG_INFO = INCLUDE_SOURCE;
				MTL_FAST_MATH = YES;
				ONLY_ACTIVE_ARCH = YES;
				SDKROOT = iphoneos;
				SWIFT_ACTIVE_COMPILATION_CONDITIONS = DEBUG;
				SWIFT_OPTIMIZATION_LEVEL = "-Onone";
			};
			name = Debug;
		};
		044729DE2B053D04009D8B2E /* Release */ = {
			isa = XCBuildConfiguration;
			buildSettings = {
				ALWAYS_SEARCH_USER_PATHS = NO;
				CLANG_ANALYZER_NONNULL = YES;
				CLANG_ANALYZER_NUMBER_OBJECT_CONVERSION = YES_AGGRESSIVE;
				CLANG_CXX_LANGUAGE_STANDARD = "gnu++20";
				CLANG_ENABLE_MODULES = YES;
				CLANG_ENABLE_OBJC_ARC = YES;
				CLANG_ENABLE_OBJC_WEAK = YES;
				CLANG_WARN_BLOCK_CAPTURE_AUTORELEASING = YES;
				CLANG_WARN_BOOL_CONVERSION = YES;
				CLANG_WARN_COMMA = YES;
				CLANG_WARN_CONSTANT_CONVERSION = YES;
				CLANG_WARN_DEPRECATED_OBJC_IMPLEMENTATIONS = YES;
				CLANG_WARN_DIRECT_OBJC_ISA_USAGE = YES_ERROR;
				CLANG_WARN_DOCUMENTATION_COMMENTS = YES;
				CLANG_WARN_EMPTY_BODY = YES;
				CLANG_WARN_ENUM_CONVERSION = YES;
				CLANG_WARN_INFINITE_RECURSION = YES;
				CLANG_WARN_INT_CONVERSION = YES;
				CLANG_WARN_NON_LITERAL_NULL_CONVERSION = YES;
				CLANG_WARN_OBJC_IMPLICIT_RETAIN_SELF = YES;
				CLANG_WARN_OBJC_LITERAL_CONVERSION = YES;
				CLANG_WARN_OBJC_ROOT_CLASS = YES_ERROR;
				CLANG_WARN_QUOTED_INCLUDE_IN_FRAMEWORK_HEADER = YES;
				CLANG_WARN_RANGE_LOOP_ANALYSIS = YES;
				CLANG_WARN_STRICT_PROTOTYPES = YES;
				CLANG_WARN_SUSPICIOUS_MOVE = YES;
				CLANG_WARN_UNGUARDED_AVAILABILITY = YES_AGGRESSIVE;
				CLANG_WARN_UNREACHABLE_CODE = YES;
				CLANG_WARN__DUPLICATE_METHOD_MATCH = YES;
				COPY_PHASE_STRIP = NO;
				DEBUG_INFORMATION_FORMAT = "dwarf-with-dsym";
				ENABLE_NS_ASSERTIONS = NO;
				ENABLE_STRICT_OBJC_MSGSEND = YES;
				GCC_C_LANGUAGE_STANDARD = gnu11;
				GCC_NO_COMMON_BLOCKS = YES;
				GCC_WARN_64_TO_32_BIT_CONVERSION = YES;
				GCC_WARN_ABOUT_RETURN_TYPE = YES_ERROR;
				GCC_WARN_UNDECLARED_SELECTOR = YES;
				GCC_WARN_UNINITIALIZED_AUTOS = YES_AGGRESSIVE;
				GCC_WARN_UNUSED_FUNCTION = YES;
				GCC_WARN_UNUSED_VARIABLE = YES;
				IPHONEOS_DEPLOYMENT_TARGET = 16.0;
				MTL_ENABLE_DEBUG_INFO = NO;
				MTL_FAST_MATH = YES;
				SDKROOT = iphoneos;
				SWIFT_COMPILATION_MODE = wholemodule;
				SWIFT_OPTIMIZATION_LEVEL = "-O";
				VALIDATE_PRODUCT = YES;
			};
			name = Release;
		};
		044729E02B053D04009D8B2E /* Debug */ = {
			isa = XCBuildConfiguration;
			buildSettings = {
				ASSETCATALOG_COMPILER_APPICON_NAME = AppIcon;
				ASSETCATALOG_COMPILER_GLOBAL_ACCENT_COLOR_NAME = AccentColor;
				CODE_SIGN_STYLE = Automatic;
				CURRENT_PROJECT_VERSION = 1;
				DEVELOPMENT_ASSET_PATHS = "\"WeatherDemo/Preview Content\"";
				DEVELOPMENT_TEAM = ZMVYZZ4Y57;
				ENABLE_PREVIEWS = YES;
				GENERATE_INFOPLIST_FILE = YES;
				INFOPLIST_KEY_UIApplicationSceneManifest_Generation = YES;
				INFOPLIST_KEY_UIApplicationSupportsIndirectInputEvents = YES;
				INFOPLIST_KEY_UILaunchScreen_Generation = YES;
				INFOPLIST_KEY_UISupportedInterfaceOrientations_iPad = "UIInterfaceOrientationPortrait UIInterfaceOrientationPortraitUpsideDown UIInterfaceOrientationLandscapeLeft UIInterfaceOrientationLandscapeRight";
				INFOPLIST_KEY_UISupportedInterfaceOrientations_iPhone = "UIInterfaceOrientationPortrait UIInterfaceOrientationLandscapeLeft UIInterfaceOrientationLandscapeRight";
				IPHONEOS_DEPLOYMENT_TARGET = 15.0;
				LD_RUNPATH_SEARCH_PATHS = (
					"$(inherited)",
					"@executable_path/Frameworks",
				);
				MARKETING_VERSION = 1.0;
				PRODUCT_BUNDLE_IDENTIFIER = bms.CS21.WeatherDemo;
				PRODUCT_NAME = "$(TARGET_NAME)";
				SWIFT_EMIT_LOC_STRINGS = YES;
				SWIFT_VERSION = 5.0;
				TARGETED_DEVICE_FAMILY = "1,2";
			};
			name = Debug;
		};
		044729E12B053D04009D8B2E /* Release */ = {
			isa = XCBuildConfiguration;
			buildSettings = {
				ASSETCATALOG_COMPILER_APPICON_NAME = AppIcon;
				ASSETCATALOG_COMPILER_GLOBAL_ACCENT_COLOR_NAME = AccentColor;
				CODE_SIGN_STYLE = Automatic;
				CURRENT_PROJECT_VERSION = 1;
				DEVELOPMENT_ASSET_PATHS = "\"WeatherDemo/Preview Content\"";
				DEVELOPMENT_TEAM = ZMVYZZ4Y57;
				ENABLE_PREVIEWS = YES;
				GENERATE_INFOPLIST_FILE = YES;
				INFOPLIST_KEY_UIApplicationSceneManifest_Generation = YES;
				INFOPLIST_KEY_UIApplicationSupportsIndirectInputEvents = YES;
				INFOPLIST_KEY_UILaunchScreen_Generation = YES;
				INFOPLIST_KEY_UISupportedInterfaceOrientations_iPad = "UIInterfaceOrientationPortrait UIInterfaceOrientationPortraitUpsideDown UIInterfaceOrientationLandscapeLeft UIInterfaceOrientationLandscapeRight";
				INFOPLIST_KEY_UISupportedInterfaceOrientations_iPhone = "UIInterfaceOrientationPortrait UIInterfaceOrientationLandscapeLeft UIInterfaceOrientationLandscapeRight";
				IPHONEOS_DEPLOYMENT_TARGET = 15.0;
				LD_RUNPATH_SEARCH_PATHS = (
					"$(inherited)",
					"@executable_path/Frameworks",
				);
				MARKETING_VERSION = 1.0;
				PRODUCT_BUNDLE_IDENTIFIER = bms.CS21.WeatherDemo;
				PRODUCT_NAME = "$(TARGET_NAME)";
				SWIFT_EMIT_LOC_STRINGS = YES;
				SWIFT_VERSION = 5.0;
				TARGETED_DEVICE_FAMILY = "1,2";
			};
			name = Release;
		};
/* End XCBuildConfiguration section */

/* Begin XCConfigurationList section */
		044729CC2B053D02009D8B2E /* Build configuration list for PBXProject "WeatherDemo" */ = {
			isa = XCConfigurationList;
			buildConfigurations = (
				044729DD2B053D04009D8B2E /* Debug */,
				044729DE2B053D04009D8B2E /* Release */,
			);
			defaultConfigurationIsVisible = 0;
			defaultConfigurationName = Release;
		};
		044729DF2B053D04009D8B2E /* Build configuration list for PBXNativeTarget "WeatherDemo" */ = {
			isa = XCConfigurationList;
			buildConfigurations = (
				044729E02B053D04009D8B2E /* Debug */,
				044729E12B053D04009D8B2E /* Release */,
			);
			defaultConfigurationIsVisible = 0;
			defaultConfigurationName = Release;
		};
/* End XCConfigurationList section */
	};
	rootObject = 044729C92B053D02009D8B2E /* Project object */;
}
